
Microsoft Visual Studio Solution File, Format Version 12.00
# Visual Studio Version 16
VisualStudioVersion = 16.0.30907.101
MinimumVisualStudioVersion = 10.0.40219.1
Project("{FAE04EC0-301F-11D3-BF4B-00C04F79EFBC}") = "Restaurant.Axios", "Restaurant.Axios.csproj", "{D39EE640-FB52-4096-B525-EC779BACC8FD}"
EndProject
Global
	GlobalSection(SolutionConfigurationPlatforms) = preSolution
		Debug|Any CPU = Debug|Any CPU
		Release|Any CPU = Release|Any CPU
	EndGlobalSection
	GlobalSection(ProjectConfigurationPlatforms) = postSolution
		{D39EE640-FB52-4096-B525-EC779BACC8FD}.Debug|Any CPU.ActiveCfg = Debug|Any CPU
		{D39EE640-FB52-4096-B525-EC779BACC8FD}.Debug|Any CPU.Build.0 = Debug|Any CPU
		{D39EE640-FB52-4096-B525-EC779BACC8FD}.Release|Any CPU.ActiveCfg = Release|Any CPU
		{D39EE640-FB52-4096-B525-EC779BACC8FD}.Release|Any CPU.Build.0 = Release|Any CPU
	EndGlobalSection
	GlobalSection(SolutionProperties) = preSolution
		HideSolutionNode = FALSE
	EndGlobalSection
	GlobalSection(ExtensibilityGlobals) = postSolution
		SolutionGuid = {8E1ED9C7-F90A-4C02-933D-D499E47BC771}
	EndGlobalSection
EndGlobal
